
Microsoft Visual Studio Solution File, Format Version 12.00
# Visual Studio Version 17
VisualStudioVersion = 17.6.33815.320
MinimumVisualStudioVersion = 10.0.40219.1
Project("{FAE04EC0-301F-11D3-BF4B-00C04F79EFBC}") = "Xpense.API", "Xpense.API\Xpense.API.csproj", "{28FCF99C-A47B-4D9B-A6EE-76D87DE433B0}"
EndProject
Global
	GlobalSection(SolutionConfigurationPlatforms) = preSolution
		Debug|Any CPU = Debug|Any CPU
		Release|Any CPU = Release|Any CPU
	EndGlobalSection
	GlobalSection(ProjectConfigurationPlatforms) = postSolution
		{28FCF99C-A47B-4D9B-A6EE-76D87DE433B0}.Debug|Any CPU.ActiveCfg = Debug|Any CPU
		{28FCF99C-A47B-4D9B-A6EE-76D87DE433B0}.Debug|Any CPU.Build.0 = Debug|Any CPU
		{28FCF99C-A47B-4D9B-A6EE-76D87DE433B0}.Release|Any CPU.ActiveCfg = Release|Any CPU
		{28FCF99C-A47B-4D9B-A6EE-76D87DE433B0}.Release|Any CPU.Build.0 = Release|Any CPU
	EndGlobalSection
	GlobalSection(SolutionProperties) = preSolution
		HideSolutionNode = FALSE
	EndGlobalSection
	GlobalSection(ExtensibilityGlobals) = postSolution
		SolutionGuid = {4C4FE4C7-36EC-47F1-ADED-2109F78DDC47}
	EndGlobalSection
EndGlobal
